
Microsoft Visual Studio Solution File, Format Version 12.00
# Visual Studio Version 17
VisualStudioVersion = 17.5.002.0
MinimumVisualStudioVersion = 10.0.40219.1
Project("{9A19103F-16F7-4668-BE54-9A1E7A4F7556}") = "ElasticSearch", "ElasticSearch.csproj", "{DAE23151-709B-4F34-9AF4-A0FDBBA0C055}"
EndProject
Global
	GlobalSection(SolutionConfigurationPlatforms) = preSolution
		Debug|Any CPU = Debug|Any CPU
		Release|Any CPU = Release|Any CPU
	EndGlobalSection
	GlobalSection(ProjectConfigurationPlatforms) = postSolution
		{DAE23151-709B-4F34-9AF4-A0FDBBA0C055}.Debug|Any CPU.ActiveCfg = Debug|Any CPU
		{DAE23151-709B-4F34-9AF4-A0FDBBA0C055}.Debug|Any CPU.Build.0 = Debug|Any CPU
		{DAE23151-709B-4F34-9AF4-A0FDBBA0C055}.Release|Any CPU.ActiveCfg = Release|Any CPU
		{DAE23151-709B-4F34-9AF4-A0FDBBA0C055}.Release|Any CPU.Build.0 = Release|Any CPU
	EndGlobalSection
	GlobalSection(SolutionProperties) = preSolution
		HideSolutionNode = FALSE
	EndGlobalSection
	GlobalSection(ExtensibilityGlobals) = postSolution
		SolutionGuid = {CE4800AC-B9A2-4A94-89FC-1D05ECF522B2}
	EndGlobalSection
EndGlobal
